// !$*UTF8*$!
{
	archiveVersion = 1;
	classes = {
	};
	objectVersion = 51;
	objects = {

/* Begin PBXBuildFile section */
		9F0342B624916FB300174771 /* AppDelegate.swift in Sources */ = {isa = PBXBuildFile; fileRef = 9F0342B524916FB300174771 /* AppDelegate.swift */; };
		9F0342B824916FB300174771 /* SceneDelegate.swift in Sources */ = {isa = PBXBuildFile; fileRef = 9F0342B724916FB300174771 /* SceneDelegate.swift */; };
		9F0342BB24916FB300174771 /* language_learner.xcdatamodeld in Sources */ = {isa = PBXBuildFile; fileRef = 9F0342B924916FB300174771 /* language_learner.xcdatamodeld */; };
		9F0342BD24916FB300174771 /* ContentView.swift in Sources */ = {isa = PBXBuildFile; fileRef = 9F0342BC24916FB300174771 /* ContentView.swift */; };
		9F0342BF24916FB700174771 /* Assets.xcassets in Resources */ = {isa = PBXBuildFile; fileRef = 9F0342BE24916FB700174771 /* Assets.xcassets */; };
		9F0342C224916FB700174771 /* Preview Assets.xcassets in Resources */ = {isa = PBXBuildFile; fileRef = 9F0342C124916FB700174771 /* Preview Assets.xcassets */; };
		9F0342C524916FB700174771 /* LaunchScreen.storyboard in Resources */ = {isa = PBXBuildFile; fileRef = 9F0342C324916FB700174771 /* LaunchScreen.storyboard */; };
		9F0342CD2492720E00174771 /* StatsView.swift in Sources */ = {isa = PBXBuildFile; fileRef = 9F0342CC2492720D00174771 /* StatsView.swift */; };
		9F0342CF2492726300174771 /* HomeView.swift in Sources */ = {isa = PBXBuildFile; fileRef = 9F0342CE2492726300174771 /* HomeView.swift */; };
		9F0342D1249272C200174771 /* DeckView.swift in Sources */ = {isa = PBXBuildFile; fileRef = 9F0342D0249272C200174771 /* DeckView.swift */; };
		9F0342D3249272CB00174771 /* SettingsView.swift in Sources */ = {isa = PBXBuildFile; fileRef = 9F0342D2249272CB00174771 /* SettingsView.swift */; };
		9F0342D524927BDA00174771 /* DeckDetail.swift in Sources */ = {isa = PBXBuildFile; fileRef = 9F0342D424927BDA00174771 /* DeckDetail.swift */; };
		9F4ABF7A2497976900889E48 /* CustomTextField.swift in Sources */ = {isa = PBXBuildFile; fileRef = 9F4ABF792497976900889E48 /* CustomTextField.swift */; };
		9F4ABF7C24979D7700889E48 /* language.swift in Sources */ = {isa = PBXBuildFile; fileRef = 9F4ABF7B24979D7700889E48 /* language.swift */; };
		9F4ABF7F2497C3A000889E48 /* Review+CoreDataClass.swift in Sources */ = {isa = PBXBuildFile; fileRef = 9F4ABF7D2497C3A000889E48 /* Review+CoreDataClass.swift */; };
		9F4ABF802497C3A000889E48 /* Review+CoreDataProperties.swift in Sources */ = {isa = PBXBuildFile; fileRef = 9F4ABF7E2497C3A000889E48 /* Review+CoreDataProperties.swift */; };
		9F4ABF8A2497D54300889E48 /* AddCardView.swift in Sources */ = {isa = PBXBuildFile; fileRef = 9F4ABF892497D54300889E48 /* AddCardView.swift */; };
		9F66FE402498B69800DE0F48 /* CalendarStatsView.swift in Sources */ = {isa = PBXBuildFile; fileRef = 9F66FE3F2498B69800DE0F48 /* CalendarStatsView.swift */; };
		9F66FE422498D8EB00DE0F48 /* PercentageWheelView.swift in Sources */ = {isa = PBXBuildFile; fileRef = 9F66FE412498D8EB00DE0F48 /* PercentageWheelView.swift */; };
		9F7D42BF24938BDD003FA006 /* Card+CoreDataClass.swift in Sources */ = {isa = PBXBuildFile; fileRef = 9F7D42BB24938BDD003FA006 /* Card+CoreDataClass.swift */; };
		9F7D42C024938BDD003FA006 /* Card+CoreDataProperties.swift in Sources */ = {isa = PBXBuildFile; fileRef = 9F7D42BC24938BDD003FA006 /* Card+CoreDataProperties.swift */; };
		9F7D42C324938C67003FA006 /* Deck+CoreDataClass.swift in Sources */ = {isa = PBXBuildFile; fileRef = 9F7D42C124938C67003FA006 /* Deck+CoreDataClass.swift */; };
		9F7D42C424938C67003FA006 /* Deck+CoreDataProperties.swift in Sources */ = {isa = PBXBuildFile; fileRef = 9F7D42C224938C67003FA006 /* Deck+CoreDataProperties.swift */; };
		9FCC7AE22497722200C70F18 /* GoogleService-Info.plist in Resources */ = {isa = PBXBuildFile; fileRef = 9FCC7AE12497722200C70F18 /* GoogleService-Info.plist */; };
		9FCDE8972492A948005D0468 /* AddDeckView.swift in Sources */ = {isa = PBXBuildFile; fileRef = 9FCDE8962492A948005D0468 /* AddDeckView.swift */; };
		9FFEB0602494069E000EC266 /* ReviewView.swift in Sources */ = {isa = PBXBuildFile; fileRef = 9FFEB05F2494069E000EC266 /* ReviewView.swift */; };
		B3E9CC47EE3AFC553B1011C3 /* Pods_language_learner.framework in Frameworks */ = {isa = PBXBuildFile; fileRef = DE575655B748E253BCBE6377 /* Pods_language_learner.framework */; };
/* End PBXBuildFile section */

/* Begin PBXFileReference section */
		9F0342B224916FB300174771 /* Language Learner.app */ = {isa = PBXFileReference; explicitFileType = wrapper.application; includeInIndex = 0; path = "Language Learner.app"; sourceTree = BUILT_PRODUCTS_DIR; };
		9F0342B524916FB300174771 /* AppDelegate.swift */ = {isa = PBXFileReference; lastKnownFileType = sourcecode.swift; path = AppDelegate.swift; sourceTree = "<group>"; };
		9F0342B724916FB300174771 /* SceneDelegate.swift */ = {isa = PBXFileReference; lastKnownFileType = sourcecode.swift; path = SceneDelegate.swift; sourceTree = "<group>"; };
		9F0342BA24916FB300174771 /* language_learner.xcdatamodel */ = {isa = PBXFileReference; lastKnownFileType = wrapper.xcdatamodel; path = language_learner.xcdatamodel; sourceTree = "<group>"; };
		9F0342BC24916FB300174771 /* ContentView.swift */ = {isa = PBXFileReference; lastKnownFileType = sourcecode.swift; path = ContentView.swift; sourceTree = "<group>"; };
		9F0342BE24916FB700174771 /* Assets.xcassets */ = {isa = PBXFileReference; lastKnownFileType = folder.assetcatalog; path = Assets.xcassets; sourceTree = "<group>"; };
		9F0342C124916FB700174771 /* Preview Assets.xcassets */ = {isa = PBXFileReference; lastKnownFileType = folder.assetcatalog; path = "Preview Assets.xcassets"; sourceTree = "<group>"; };
		9F0342C424916FB700174771 /* Base */ = {isa = PBXFileReference; lastKnownFileType = file.storyboard; name = Base; path = Base.lproj/LaunchScreen.storyboard; sourceTree = "<group>"; };
		9F0342C624916FB700174771 /* Info.plist */ = {isa = PBXFileReference; lastKnownFileType = text.plist.xml; path = Info.plist; sourceTree = "<group>"; };
		9F0342CC2492720D00174771 /* StatsView.swift */ = {isa = PBXFileReference; lastKnownFileType = sourcecode.swift; path = StatsView.swift; sourceTree = "<group>"; };
		9F0342CE2492726300174771 /* HomeView.swift */ = {isa = PBXFileReference; lastKnownFileType = sourcecode.swift; path = HomeView.swift; sourceTree = "<group>"; };
		9F0342D0249272C200174771 /* DeckView.swift */ = {isa = PBXFileReference; lastKnownFileType = sourcecode.swift; path = DeckView.swift; sourceTree = "<group>"; };
		9F0342D2249272CB00174771 /* SettingsView.swift */ = {isa = PBXFileReference; lastKnownFileType = sourcecode.swift; path = SettingsView.swift; sourceTree = "<group>"; };
		9F0342D424927BDA00174771 /* DeckDetail.swift */ = {isa = PBXFileReference; lastKnownFileType = sourcecode.swift; path = DeckDetail.swift; sourceTree = "<group>"; };
		9F4ABF792497976900889E48 /* CustomTextField.swift */ = {isa = PBXFileReference; lastKnownFileType = sourcecode.swift; path = CustomTextField.swift; sourceTree = "<group>"; };
		9F4ABF7B24979D7700889E48 /* language.swift */ = {isa = PBXFileReference; lastKnownFileType = sourcecode.swift; path = language.swift; sourceTree = "<group>"; };
		9F4ABF7D2497C3A000889E48 /* Review+CoreDataClass.swift */ = {isa = PBXFileReference; lastKnownFileType = sourcecode.swift; path = "Review+CoreDataClass.swift"; sourceTree = "<group>"; };
		9F4ABF7E2497C3A000889E48 /* Review+CoreDataProperties.swift */ = {isa = PBXFileReference; lastKnownFileType = sourcecode.swift; path = "Review+CoreDataProperties.swift"; sourceTree = "<group>"; };
		9F4ABF892497D54300889E48 /* AddCardView.swift */ = {isa = PBXFileReference; lastKnownFileType = sourcecode.swift; path = AddCardView.swift; sourceTree = "<group>"; };
		9F66FE3F2498B69800DE0F48 /* CalendarStatsView.swift */ = {isa = PBXFileReference; lastKnownFileType = sourcecode.swift; path = CalendarStatsView.swift; sourceTree = "<group>"; };
		9F66FE412498D8EB00DE0F48 /* PercentageWheelView.swift */ = {isa = PBXFileReference; lastKnownFileType = sourcecode.swift; path = PercentageWheelView.swift; sourceTree = "<group>"; };
		9F7D42BB24938BDD003FA006 /* Card+CoreDataClass.swift */ = {isa = PBXFileReference; lastKnownFileType = sourcecode.swift; path = "Card+CoreDataClass.swift"; sourceTree = "<group>"; };
		9F7D42BC24938BDD003FA006 /* Card+CoreDataProperties.swift */ = {isa = PBXFileReference; lastKnownFileType = sourcecode.swift; path = "Card+CoreDataProperties.swift"; sourceTree = "<group>"; };
		9F7D42C124938C67003FA006 /* Deck+CoreDataClass.swift */ = {isa = PBXFileReference; lastKnownFileType = sourcecode.swift; path = "Deck+CoreDataClass.swift"; sourceTree = "<group>"; };
		9F7D42C224938C67003FA006 /* Deck+CoreDataProperties.swift */ = {isa = PBXFileReference; lastKnownFileType = sourcecode.swift; path = "Deck+CoreDataProperties.swift"; sourceTree = "<group>"; };
		9FCC7AE12497722200C70F18 /* GoogleService-Info.plist */ = {isa = PBXFileReference; fileEncoding = 4; lastKnownFileType = text.plist.xml; path = "GoogleService-Info.plist"; sourceTree = "<group>"; };
		9FCDE8962492A948005D0468 /* AddDeckView.swift */ = {isa = PBXFileReference; lastKnownFileType = sourcecode.swift; path = AddDeckView.swift; sourceTree = "<group>"; };
		9FFEB05F2494069E000EC266 /* ReviewView.swift */ = {isa = PBXFileReference; lastKnownFileType = sourcecode.swift; path = ReviewView.swift; sourceTree = "<group>"; };
		B095F225856AA8F072359E26 /* Pods-language-learner.debug.xcconfig */ = {isa = PBXFileReference; includeInIndex = 1; lastKnownFileType = text.xcconfig; name = "Pods-language-learner.debug.xcconfig"; path = "Target Support Files/Pods-language-learner/Pods-language-learner.debug.xcconfig"; sourceTree = "<group>"; };
		DE575655B748E253BCBE6377 /* Pods_language_learner.framework */ = {isa = PBXFileReference; explicitFileType = wrapper.framework; includeInIndex = 0; path = Pods_language_learner.framework; sourceTree = BUILT_PRODUCTS_DIR; };
		EE7286CA33EAAA91F62D0D1B /* Pods-language-learner.release.xcconfig */ = {isa = PBXFileReference; includeInIndex = 1; lastKnownFileType = text.xcconfig; name = "Pods-language-learner.release.xcconfig"; path = "Target Support Files/Pods-language-learner/Pods-language-learner.release.xcconfig"; sourceTree = "<group>"; };
/* End PBXFileReference section */

/* Begin PBXFrameworksBuildPhase section */
		9F0342AF24916FB300174771 /* Frameworks */ = {
			isa = PBXFrameworksBuildPhase;
			buildActionMask = 2147483647;
			files = (
				B3E9CC47EE3AFC553B1011C3 /* Pods_language_learner.framework in Frameworks */,
			);
			runOnlyForDeploymentPostprocessing = 0;
		};
/* End PBXFrameworksBuildPhase section */

/* Begin PBXGroup section */
		52E80F5BCA49C9C55F912E11 /* Pods */ = {
			isa = PBXGroup;
			children = (
				B095F225856AA8F072359E26 /* Pods-language-learner.debug.xcconfig */,
				EE7286CA33EAAA91F62D0D1B /* Pods-language-learner.release.xcconfig */,
			);
			path = Pods;
			sourceTree = "<group>";
		};
		9F0342A924916FB200174771 = {
			isa = PBXGroup;
			children = (
				9F0342B424916FB300174771 /* language-learner */,
				9F0342B324916FB300174771 /* Products */,
				52E80F5BCA49C9C55F912E11 /* Pods */,
				A545424954775BE5C5D4C3C5 /* Frameworks */,
			);
			sourceTree = "<group>";
		};
		9F0342B324916FB300174771 /* Products */ = {
			isa = PBXGroup;
			children = (
				9F0342B224916FB300174771 /* Language Learner.app */,
			);
			name = Products;
			sourceTree = "<group>";
		};
		9F0342B424916FB300174771 /* language-learner */ = {
			isa = PBXGroup;
			children = (
				9F4ABF882497D3B100889E48 /* Common */,
				9F4ABF862497D33000889E48 /* Review */,
				9F4ABF852497D32B00889E48 /* Home */,
				9F4ABF842497D31600889E48 /* Stats */,
				9F4ABF832497D30500889E48 /* Settings */,
				9F4ABF822497D2F600889E48 /* Deck */,
				9F0342B524916FB300174771 /* AppDelegate.swift */,
				9FCC7AE12497722200C70F18 /* GoogleService-Info.plist */,
				9F0342B724916FB300174771 /* SceneDelegate.swift */,
				9F0342C624916FB700174771 /* Info.plist */,
				9F0342C324916FB700174771 /* LaunchScreen.storyboard */,
				9F0342BE24916FB700174771 /* Assets.xcassets */,
				9F7D42B824938BBA003FA006 /* Model */,
				9F0342C024916FB700174771 /* Preview Content */,
			);
			path = "language-learner";
			sourceTree = "<group>";
		};
		9F0342C024916FB700174771 /* Preview Content */ = {
			isa = PBXGroup;
			children = (
				9F0342C124916FB700174771 /* Preview Assets.xcassets */,
			);
			path = "Preview Content";
			sourceTree = "<group>";
		};
		9F4ABF822497D2F600889E48 /* Deck */ = {
			isa = PBXGroup;
			children = (
				9FCDE8962492A948005D0468 /* AddDeckView.swift */,
				9F0342D424927BDA00174771 /* DeckDetail.swift */,
				9F0342D0249272C200174771 /* DeckView.swift */,
			);
			path = Deck;
			sourceTree = "<group>";
		};
		9F4ABF832497D30500889E48 /* Settings */ = {
			isa = PBXGroup;
			children = (
				9F0342D2249272CB00174771 /* SettingsView.swift */,
			);
			path = Settings;
			sourceTree = "<group>";
		};
		9F4ABF842497D31600889E48 /* Stats */ = {
			isa = PBXGroup;
			children = (
				9F0342CC2492720D00174771 /* StatsView.swift */,
			);
			path = Stats;
			sourceTree = "<group>";
		};
		9F4ABF852497D32B00889E48 /* Home */ = {
			isa = PBXGroup;
			children = (
				9F0342CE2492726300174771 /* HomeView.swift */,
			);
			path = Home;
			sourceTree = "<group>";
		};
		9F4ABF862497D33000889E48 /* Review */ = {
			isa = PBXGroup;
			children = (
				9FFEB05F2494069E000EC266 /* ReviewView.swift */,
			);
			path = Review;
			sourceTree = "<group>";
		};
		9F4ABF882497D3B100889E48 /* Common */ = {
			isa = PBXGroup;
			children = (
				9F66FE412498D8EB00DE0F48 /* PercentageWheelView.swift */,
				9F66FE3F2498B69800DE0F48 /* CalendarStatsView.swift */,
				9F4ABF892497D54300889E48 /* AddCardView.swift */,
				9F4ABF792497976900889E48 /* CustomTextField.swift */,
				9F0342BC24916FB300174771 /* ContentView.swift */,
				9F4ABF7B24979D7700889E48 /* language.swift */,
			);
			path = Common;
			sourceTree = "<group>";
		};
		9F7D42B824938BBA003FA006 /* Model */ = {
			isa = PBXGroup;
			children = (
				9F0342B924916FB300174771 /* language_learner.xcdatamodeld */,
				9F4ABF7D2497C3A000889E48 /* Review+CoreDataClass.swift */,
				9F4ABF7E2497C3A000889E48 /* Review+CoreDataProperties.swift */,
				9F7D42C124938C67003FA006 /* Deck+CoreDataClass.swift */,
				9F7D42C224938C67003FA006 /* Deck+CoreDataProperties.swift */,
				9F7D42BB24938BDD003FA006 /* Card+CoreDataClass.swift */,
				9F7D42BC24938BDD003FA006 /* Card+CoreDataProperties.swift */,
			);
			path = Model;
			sourceTree = "<group>";
		};
		A545424954775BE5C5D4C3C5 /* Frameworks */ = {
			isa = PBXGroup;
			children = (
				DE575655B748E253BCBE6377 /* Pods_language_learner.framework */,
			);
			name = Frameworks;
			sourceTree = "<group>";
		};
/* End PBXGroup section */

/* Begin PBXNativeTarget section */
		9F0342B124916FB300174771 /* language-learner */ = {
			isa = PBXNativeTarget;
			buildConfigurationList = 9F0342C924916FB700174771 /* Build configuration list for PBXNativeTarget "language-learner" */;
			buildPhases = (
				3D235E6C2BD3DD1EAD50F838 /* [CP] Check Pods Manifest.lock */,
				9F0342AE24916FB300174771 /* Sources */,
				9F0342AF24916FB300174771 /* Frameworks */,
				9F0342B024916FB300174771 /* Resources */,
				642234ED77B884C531D1A56A /* [CP] Copy Pods Resources */,
				71233189D1A690E139495B00 /* [CP] Embed Pods Frameworks */,
			);
			buildRules = (
			);
			dependencies = (
			);
			name = "language-learner";
			productName = "language-learner";
			productReference = 9F0342B224916FB300174771 /* Language Learner.app */;
			productType = "com.apple.product-type.application";
		};
/* End PBXNativeTarget section */

/* Begin PBXProject section */
		9F0342AA24916FB200174771 /* Project object */ = {
			isa = PBXProject;
			attributes = {
				LastSwiftUpdateCheck = 1150;
				LastUpgradeCheck = 1150;
				ORGANIZATIONNAME = "Ted Bennett";
				TargetAttributes = {
					9F0342B124916FB300174771 = {
						CreatedOnToolsVersion = 11.5;
					};
				};
			};
			buildConfigurationList = 9F0342AD24916FB200174771 /* Build configuration list for PBXProject "language-learner" */;
			compatibilityVersion = "Xcode 9.3";
			developmentRegion = en;
			hasScannedForEncodings = 0;
			knownRegions = (
				en,
				Base,
			);
			mainGroup = 9F0342A924916FB200174771;
			productRefGroup = 9F0342B324916FB300174771 /* Products */;
			projectDirPath = "";
			projectRoot = "";
			targets = (
				9F0342B124916FB300174771 /* language-learner */,
			);
		};
/* End PBXProject section */

/* Begin PBXResourcesBuildPhase section */
		9F0342B024916FB300174771 /* Resources */ = {
			isa = PBXResourcesBuildPhase;
			buildActionMask = 2147483647;
			files = (
				9F0342C524916FB700174771 /* LaunchScreen.storyboard in Resources */,
				9FCC7AE22497722200C70F18 /* GoogleService-Info.plist in Resources */,
				9F0342C224916FB700174771 /* Preview Assets.xcassets in Resources */,
				9F0342BF24916FB700174771 /* Assets.xcassets in Resources */,
			);
			runOnlyForDeploymentPostprocessing = 0;
		};
/* End PBXResourcesBuildPhase section */

/* Begin PBXShellScriptBuildPhase section */
		3D235E6C2BD3DD1EAD50F838 /* [CP] Check Pods Manifest.lock */ = {
			isa = PBXShellScriptBuildPhase;
			buildActionMask = 2147483647;
			files = (
			);
			inputFileListPaths = (
			);
			inputPaths = (
				"${PODS_PODFILE_DIR_PATH}/Podfile.lock",
				"${PODS_ROOT}/Manifest.lock",
			);
			name = "[CP] Check Pods Manifest.lock";
			outputFileListPaths = (
			);
			outputPaths = (
				"$(DERIVED_FILE_DIR)/Pods-language-learner-checkManifestLockResult.txt",
			);
			runOnlyForDeploymentPostprocessing = 0;
			shellPath = /bin/sh;
			shellScript = "diff \"${PODS_PODFILE_DIR_PATH}/Podfile.lock\" \"${PODS_ROOT}/Manifest.lock\" > /dev/null\nif [ $? != 0 ] ; then\n    # print error to STDERR\n    echo \"error: The sandbox is not in sync with the Podfile.lock. Run 'pod install' or update your CocoaPods installation.\" >&2\n    exit 1\nfi\n# This output is used by Xcode 'outputs' to avoid re-running this script phase.\necho \"SUCCESS\" > \"${SCRIPT_OUTPUT_FILE_0}\"\n";
			showEnvVarsInLog = 0;
		};
		642234ED77B884C531D1A56A /* [CP] Copy Pods Resources */ = {
			isa = PBXShellScriptBuildPhase;
			buildActionMask = 2147483647;
			files = (
			);
			inputFileListPaths = (
				"${PODS_ROOT}/Target Support Files/Pods-language-learner/Pods-language-learner-resources-${CONFIGURATION}-input-files.xcfilelist",
			);
			name = "[CP] Copy Pods Resources";
			outputFileListPaths = (
				"${PODS_ROOT}/Target Support Files/Pods-language-learner/Pods-language-learner-resources-${CONFIGURATION}-output-files.xcfilelist",
			);
			runOnlyForDeploymentPostprocessing = 0;
			shellPath = /bin/sh;
			shellScript = "\"${PODS_ROOT}/Target Support Files/Pods-language-learner/Pods-language-learner-resources.sh\"\n";
			showEnvVarsInLog = 0;
		};
		71233189D1A690E139495B00 /* [CP] Embed Pods Frameworks */ = {
			isa = PBXShellScriptBuildPhase;
			buildActionMask = 2147483647;
			files = (
			);
			inputFileListPaths = (
				"${PODS_ROOT}/Target Support Files/Pods-language-learner/Pods-language-learner-frameworks-${CONFIGURATION}-input-files.xcfilelist",
			);
			name = "[CP] Embed Pods Frameworks";
			outputFileListPaths = (
				"${PODS_ROOT}/Target Support Files/Pods-language-learner/Pods-language-learner-frameworks-${CONFIGURATION}-output-files.xcfilelist",
			);
			runOnlyForDeploymentPostprocessing = 0;
			shellPath = /bin/sh;
			shellScript = "\"${PODS_ROOT}/Target Support Files/Pods-language-learner/Pods-language-learner-frameworks.sh\"\n";
			showEnvVarsInLog = 0;
		};
/* End PBXShellScriptBuildPhase section */

/* Begin PBXSourcesBuildPhase section */
		9F0342AE24916FB300174771 /* Sources */ = {
			isa = PBXSourcesBuildPhase;
			buildActionMask = 2147483647;
			files = (
				9F4ABF7F2497C3A000889E48 /* Review+CoreDataClass.swift in Sources */,
				9F4ABF7C24979D7700889E48 /* language.swift in Sources */,
				9F0342B624916FB300174771 /* AppDelegate.swift in Sources */,
				9F66FE402498B69800DE0F48 /* CalendarStatsView.swift in Sources */,
				9F0342D3249272CB00174771 /* SettingsView.swift in Sources */,
				9F0342CD2492720E00174771 /* StatsView.swift in Sources */,
				9F66FE422498D8EB00DE0F48 /* PercentageWheelView.swift in Sources */,
				9F0342BB24916FB300174771 /* language_learner.xcdatamodeld in Sources */,
				9F4ABF802497C3A000889E48 /* Review+CoreDataProperties.swift in Sources */,
				9F7D42C024938BDD003FA006 /* Card+CoreDataProperties.swift in Sources */,
				9F0342D1249272C200174771 /* DeckView.swift in Sources */,
				9F7D42C424938C67003FA006 /* Deck+CoreDataProperties.swift in Sources */,
				9F7D42BF24938BDD003FA006 /* Card+CoreDataClass.swift in Sources */,
				9FCDE8972492A948005D0468 /* AddDeckView.swift in Sources */,
				9F0342CF2492726300174771 /* HomeView.swift in Sources */,
				9F7D42C324938C67003FA006 /* Deck+CoreDataClass.swift in Sources */,
				9F4ABF7A2497976900889E48 /* CustomTextField.swift in Sources */,
				9F0342BD24916FB300174771 /* ContentView.swift in Sources */,
				9FFEB0602494069E000EC266 /* ReviewView.swift in Sources */,
				9F0342D524927BDA00174771 /* DeckDetail.swift in Sources */,
				9F0342B824916FB300174771 /* SceneDelegate.swift in Sources */,
				9F4ABF8A2497D54300889E48 /* AddCardView.swift in Sources */,
			);
			runOnlyForDeploymentPostprocessing = 0;
		};
/* End PBXSourcesBuildPhase section */

/* Begin PBXVariantGroup section */
		9F0342C324916FB700174771 /* LaunchScreen.storyboard */ = {
			isa = PBXVariantGroup;
			children = (
				9F0342C424916FB700174771 /* Base */,
			);
			name = LaunchScreen.storyboard;
			sourceTree = "<group>";
		};
/* End PBXVariantGroup section */

/* Begin XCBuildConfiguration section */
		9F0342C724916FB700174771 /* Debug */ = {
			isa = XCBuildConfiguration;
			buildSettings = {
				ALWAYS_SEARCH_USER_PATHS = NO;
				CLANG_ANALYZER_NONNULL = YES;
				CLANG_ANALYZER_NUMBER_OBJECT_CONVERSION = YES_AGGRESSIVE;
				CLANG_CXX_LANGUAGE_STANDARD = "gnu++14";
				CLANG_CXX_LIBRARY = "libc++";
				CLANG_ENABLE_MODULES = YES;
				CLANG_ENABLE_OBJC_ARC = YES;
				CLANG_ENABLE_OBJC_WEAK = YES;
				CLANG_WARN_BLOCK_CAPTURE_AUTORELEASING = YES;
				CLANG_WARN_BOOL_CONVERSION = YES;
				CLANG_WARN_COMMA = YES;
				CLANG_WARN_CONSTANT_CONVERSION = YES;
				CLANG_WARN_DEPRECATED_OBJC_IMPLEMENTATIONS = YES;
				CLANG_WARN_DIRECT_OBJC_ISA_USAGE = YES_ERROR;
				CLANG_WARN_DOCUMENTATION_COMMENTS = YES;
				CLANG_WARN_EMPTY_BODY = YES;
				CLANG_WARN_ENUM_CONVERSION = YES;
				CLANG_WARN_INFINITE_RECURSION = YES;
				CLANG_WARN_INT_CONVERSION = YES;
				CLANG_WARN_NON_LITERAL_NULL_CONVERSION = YES;
				CLANG_WARN_OBJC_IMPLICIT_RETAIN_SELF = YES;
				CLANG_WARN_OBJC_LITERAL_CONVERSION = YES;
				CLANG_WARN_OBJC_ROOT_CLASS = YES_ERROR;
				CLANG_WARN_RANGE_LOOP_ANALYSIS = YES;
				CLANG_WARN_STRICT_PROTOTYPES = YES;
				CLANG_WARN_SUSPICIOUS_MOVE = YES;
				CLANG_WARN_UNGUARDED_AVAILABILITY = YES_AGGRESSIVE;
				CLANG_WARN_UNREACHABLE_CODE = YES;
				CLANG_WARN__DUPLICATE_METHOD_MATCH = YES;
				COPY_PHASE_STRIP = NO;
				DEBUG_INFORMATION_FORMAT = dwarf;
				ENABLE_STRICT_OBJC_MSGSEND = YES;
				ENABLE_TESTABILITY = YES;
				GCC_C_LANGUAGE_STANDARD = gnu11;
				GCC_DYNAMIC_NO_PIC = NO;
				GCC_NO_COMMON_BLOCKS = YES;
				GCC_OPTIMIZATION_LEVEL = 0;
				GCC_PREPROCESSOR_DEFINITIONS = (
					"DEBUG=1",
					"$(inherited)",
				);
				GCC_WARN_64_TO_32_BIT_CONVERSION = YES;
				GCC_WARN_ABOUT_RETURN_TYPE = YES_ERROR;
				GCC_WARN_UNDECLARED_SELECTOR = YES;
				GCC_WARN_UNINITIALIZED_AUTOS = YES_AGGRESSIVE;
				GCC_WARN_UNUSED_FUNCTION = YES;
				GCC_WARN_UNUSED_VARIABLE = YES;
				IPHONEOS_DEPLOYMENT_TARGET = 13.5;
				MTL_ENABLE_DEBUG_INFO = INCLUDE_SOURCE;
				MTL_FAST_MATH = YES;
				ONLY_ACTIVE_ARCH = YES;
				SDKROOT = iphoneos;
				SWIFT_ACTIVE_COMPILATION_CONDITIONS = DEBUG;
				SWIFT_OPTIMIZATION_LEVEL = "-Onone";
			};
			name = Debug;
		};
		9F0342C824916FB700174771 /* Release */ = {
			isa = XCBuildConfiguration;
			buildSettings = {
				ALWAYS_SEARCH_USER_PATHS = NO;
				CLANG_ANALYZER_NONNULL = YES;
				CLANG_ANALYZER_NUMBER_OBJECT_CONVERSION = YES_AGGRESSIVE;
				CLANG_CXX_LANGUAGE_STANDARD = "gnu++14";
				CLANG_CXX_LIBRARY = "libc++";
				CLANG_ENABLE_MODULES = YES;
				CLANG_ENABLE_OBJC_ARC = YES;
				CLANG_ENABLE_OBJC_WEAK = YES;
				CLANG_WARN_BLOCK_CAPTURE_AUTORELEASING = YES;
				CLANG_WARN_BOOL_CONVERSION = YES;
				CLANG_WARN_COMMA = YES;
				CLANG_WARN_CONSTANT_CONVERSION = YES;
				CLANG_WARN_DEPRECATED_OBJC_IMPLEMENTATIONS = YES;
				CLANG_WARN_DIRECT_OBJC_ISA_USAGE = YES_ERROR;
				CLANG_WARN_DOCUMENTATION_COMMENTS = YES;
				CLANG_WARN_EMPTY_BODY = YES;
				CLANG_WARN_ENUM_CONVERSION = YES;
				CLANG_WARN_INFINITE_RECURSION = YES;
				CLANG_WARN_INT_CONVERSION = YES;
				CLANG_WARN_NON_LITERAL_NULL_CONVERSION = YES;
				CLANG_WARN_OBJC_IMPLICIT_RETAIN_SELF = YES;
				CLANG_WARN_OBJC_LITERAL_CONVERSION = YES;
				CLANG_WARN_OBJC_ROOT_CLASS = YES_ERROR;
				CLANG_WARN_RANGE_LOOP_ANALYSIS = YES;
				CLANG_WARN_STRICT_PROTOTYPES = YES;
				CLANG_WARN_SUSPICIOUS_MOVE = YES;
				CLANG_WARN_UNGUARDED_AVAILABILITY = YES_AGGRESSIVE;
				CLANG_WARN_UNREACHABLE_CODE = YES;
				CLANG_WARN__DUPLICATE_METHOD_MATCH = YES;
				COPY_PHASE_STRIP = NO;
				DEBUG_INFORMATION_FORMAT = "dwarf-with-dsym";
				ENABLE_NS_ASSERTIONS = NO;
				ENABLE_STRICT_OBJC_MSGSEND = YES;
				GCC_C_LANGUAGE_STANDARD = gnu11;
				GCC_NO_COMMON_BLOCKS = YES;
				GCC_WARN_64_TO_32_BIT_CONVERSION = YES;
				GCC_WARN_ABOUT_RETURN_TYPE = YES_ERROR;
				GCC_WARN_UNDECLARED_SELECTOR = YES;
				GCC_WARN_UNINITIALIZED_AUTOS = YES_AGGRESSIVE;
				GCC_WARN_UNUSED_FUNCTION = YES;
				GCC_WARN_UNUSED_VARIABLE = YES;
				IPHONEOS_DEPLOYMENT_TARGET = 13.5;
				MTL_ENABLE_DEBUG_INFO = NO;
				MTL_FAST_MATH = YES;
				SDKROOT = iphoneos;
				SWIFT_COMPILATION_MODE = wholemodule;
				SWIFT_OPTIMIZATION_LEVEL = "-O";
				VALIDATE_PRODUCT = YES;
			};
			name = Release;
		};
		9F0342CA24916FB700174771 /* Debug */ = {
			isa = XCBuildConfiguration;
			baseConfigurationReference = B095F225856AA8F072359E26 /* Pods-language-learner.debug.xcconfig */;
			buildSettings = {
				ASSETCATALOG_COMPILER_APPICON_NAME = AppIcon;
				CODE_SIGN_STYLE = Automatic;
				DEVELOPMENT_ASSET_PATHS = "\"language-learner/Preview Content\"";
				DEVELOPMENT_TEAM = 9Y2AMH5S23;
				ENABLE_PREVIEWS = YES;
				INFOPLIST_FILE = "language-learner/Info.plist";
				IPHONEOS_DEPLOYMENT_TARGET = 13.0;
				LD_RUNPATH_SEARCH_PATHS = (
					"$(inherited)",
					"@executable_path/Frameworks",
				);
				PRODUCT_BUNDLE_IDENTIFIER = "TedB.language-learner";
				PRODUCT_NAME = "Language Learner";
				SWIFT_VERSION = 5.0;
				TARGETED_DEVICE_FAMILY = "1,2";
			};
			name = Debug;
		};
		9F0342CB24916FB700174771 /* Release */ = {
			isa = XCBuildConfiguration;
			baseConfigurationReference = EE7286CA33EAAA91F62D0D1B /* Pods-language-learner.release.xcconfig */;
			buildSettings = {
				ASSETCATALOG_COMPILER_APPICON_NAME = AppIcon;
				CODE_SIGN_STYLE = Automatic;
				DEVELOPMENT_ASSET_PATHS = "\"language-learner/Preview Content\"";
				DEVELOPMENT_TEAM = 9Y2AMH5S23;
				ENABLE_PREVIEWS = YES;
				INFOPLIST_FILE = "language-learner/Info.plist";
				IPHONEOS_DEPLOYMENT_TARGET = 13.0;
				LD_RUNPATH_SEARCH_PATHS = (
					"$(inherited)",
					"@executable_path/Frameworks",
				);
				PRODUCT_BUNDLE_IDENTIFIER = "TedB.language-learner";
				PRODUCT_NAME = "Language Learner";
				SWIFT_VERSION = 5.0;
				TARGETED_DEVICE_FAMILY = "1,2";
			};
			name = Release;
		};
/* End XCBuildConfiguration section */

/* Begin XCConfigurationList section */
		9F0342AD24916FB200174771 /* Build configuration list for PBXProject "language-learner" */ = {
			isa = XCConfigurationList;
			buildConfigurations = (
				9F0342C724916FB700174771 /* Debug */,
				9F0342C824916FB700174771 /* Release */,
			);
			defaultConfigurationIsVisible = 0;
			defaultConfigurationName = Release;
		};
		9F0342C924916FB700174771 /* Build configuration list for PBXNativeTarget "language-learner" */ = {
			isa = XCConfigurationList;
			buildConfigurations = (
				9F0342CA24916FB700174771 /* Debug */,
				9F0342CB24916FB700174771 /* Release */,
			);
			defaultConfigurationIsVisible = 0;
			defaultConfigurationName = Release;
		};
/* End XCConfigurationList section */

/* Begin XCVersionGroup section */
		9F0342B924916FB300174771 /* language_learner.xcdatamodeld */ = {
			isa = XCVersionGroup;
			children = (
				9F0342BA24916FB300174771 /* language_learner.xcdatamodel */,
			);
			currentVersion = 9F0342BA24916FB300174771 /* language_learner.xcdatamodel */;
			path = language_learner.xcdatamodeld;
			sourceTree = "<group>";
			versionGroupType = wrapper.xcdatamodel;
		};
/* End XCVersionGroup section */
	};
	rootObject = 9F0342AA24916FB200174771 /* Project object */;
}
